// !$*UTF8*$!
{
	archiveVersion = 1;
	classes = {
	};
	objectVersion = 77;
	objects = {

/* Begin PBXContainerItemProxy section */
		EDCADA3A2EF9A33C00CD65FA /* PBXContainerItemProxy */ = {
			isa = PBXContainerItemProxy;
			containerPortal = EDCADA1B2EF9A33A00CD65FA /* Project object */;
			proxyType = 1;
			remoteGlobalIDString = EDCADA222EF9A33A00CD65FA;
			remoteInfo = MiniReduxDemo;
		};
		EDCADA442EF9A33C00CD65FA /* PBXContainerItemProxy */ = {
			isa = PBXContainerItemProxy;
			containerPortal = EDCADA1B2EF9A33A00CD65FA /* Project object */;
			proxyType = 1;
			remoteGlobalIDString = EDCADA222EF9A33A00CD65FA;
			remoteInfo = MiniReduxDemo;
		};
/* End PBXContainerItemProxy section */

/* Begin PBXFileReference section */
		EDCADA232EF9A33A00CD65FA /* MiniReduxDemo.app */ = {isa = PBXFileReference; explicitFileType = wrapper.application; includeInIndex = 0; path = MiniReduxDemo.app; sourceTree = BUILT_PRODUCTS_DIR; };
		EDCADA392EF9A33C00CD65FA /* MiniReduxDemoTests.xctest */ = {isa = PBXFileReference; explicitFileType = wrapper.cfbundle; includeInIndex = 0; path = MiniReduxDemoTests.xctest; sourceTree = BUILT_PRODUCTS_DIR; };
		EDCADA432EF9A33C00CD65FA /* MiniReduxDemoUITests.xctest */ = {isa = PBXFileReference; explicitFileType = wrapper.cfbundle; includeInIndex = 0; path = MiniReduxDemoUITests.xctest; sourceTree = BUILT_PRODUCTS_DIR; };
/* End PBXFileReference section */

/* Begin PBXFileSystemSynchronizedBuildFileExceptionSet section */
		EDCADA4B2EF9A33C00CD65FA /* Exceptions for "MiniReduxDemo" folder in "MiniReduxDemo" target */ = {
			isa = PBXFileSystemSynchronizedBuildFileExceptionSet;
			membershipExceptions = (
				Info.plist,
			);
			target = EDCADA222EF9A33A00CD65FA /* MiniReduxDemo */;
		};
/* End PBXFileSystemSynchronizedBuildFileExceptionSet section */

/* Begin PBXFileSystemSynchronizedRootGroup section */
		EDCADA252EF9A33A00CD65FA /* MiniReduxDemo */ = {
			isa = PBXFileSystemSynchronizedRootGroup;
			exceptions = (
				EDCADA4B2EF9A33C00CD65FA /* Exceptions for "MiniReduxDemo" folder in "MiniReduxDemo" target */,
			);
			path = MiniReduxDemo;
			sourceTree = "<group>";
		};
		EDCADA3C2EF9A33C00CD65FA /* MiniReduxDemoTests */ = {
			isa = PBXFileSystemSynchronizedRootGroup;
			path = MiniReduxDemoTests;
			sourceTree = "<group>";
		};
		EDCADA462EF9A33C00CD65FA /* MiniReduxDemoUITests */ = {
			isa = PBXFileSystemSynchronizedRootGroup;
			path = MiniReduxDemoUITests;
			sourceTree = "<group>";
		};
/* End PBXFileSystemSynchronizedRootGroup section */

/* Begin PBXFrameworksBuildPhase section */
		EDCADA202EF9A33A00CD65FA /* Frameworks */ = {
			isa = PBXFrameworksBuildPhase;
			buildActionMask = 2147483647;
			files = (
			);
			runOnlyForDeploymentPostprocessing = 0;
		};
		EDCADA362EF9A33C00CD65FA /* Frameworks */ = {
			isa = PBXFrameworksBuildPhase;
			buildActionMask = 2147483647;
			files = (
			);
			runOnlyForDeploymentPostprocessing = 0;
		};
		EDCADA402EF9A33C00CD65FA /* Frameworks */ = {
			isa = PBXFrameworksBuildPhase;
			buildActionMask = 2147483647;
			files = (
			);
			runOnlyForDeploymentPostprocessing = 0;
		};
/* End PBXFrameworksBuildPhase section */

/* Begin PBXGroup section */
		EDCADA1A2EF9A33A00CD65FA = {
			isa = PBXGroup;
			children = (
				EDCADA252EF9A33A00CD65FA /* MiniReduxDemo */,
				EDCADA3C2EF9A33C00CD65FA /* MiniReduxDemoTests */,
				EDCADA462EF9A33C00CD65FA /* MiniReduxDemoUITests */,
				EDCADA242EF9A33A00CD65FA /* Products */,
			);
			sourceTree = "<group>";
		};
		EDCADA242EF9A33A00CD65FA /* Products */ = {
			isa = PBXGroup;
			children = (
				EDCADA232EF9A33A00CD65FA /* MiniReduxDemo.app */,
				EDCADA392EF9A33C00CD65FA /* MiniReduxDemoTests.xctest */,
				EDCADA432EF9A33C00CD65FA /* MiniReduxDemoUITests.xctest */,
			);
			name = Products;
			sourceTree = "<group>";
		};
/* End PBXGroup section */

/* Begin PBXNativeTarget section */
		EDCADA222EF9A33A00CD65FA /* MiniReduxDemo */ = {
			isa = PBXNativeTarget;
			buildConfigurationList = EDCADA4C2EF9A33C00CD65FA /* Build configuration list for PBXNativeTarget "MiniReduxDemo" */;
			buildPhases = (
				EDCADA1F2EF9A33A00CD65FA /* Sources */,
				EDCADA202EF9A33A00CD65FA /* Frameworks */,
				EDCADA212EF9A33A00CD65FA /* Resources */,
			);
			buildRules = (
			);
			dependencies = (
			);
			fileSystemSynchronizedGroups = (
				EDCADA252EF9A33A00CD65FA /* MiniReduxDemo */,
			);
			name = MiniReduxDemo;
			packageProductDependencies = (
			);
			productName = MiniReduxDemo;
			productReference = EDCADA232EF9A33A00CD65FA /* MiniReduxDemo.app */;
			productType = "com.apple.product-type.application";
		};
		EDCADA382EF9A33C00CD65FA /* MiniReduxDemoTests */ = {
			isa = PBXNativeTarget;
			buildConfigurationList = EDCADA512EF9A33C00CD65FA /* Build configuration list for PBXNativeTarget "MiniReduxDemoTests" */;
			buildPhases = (
				EDCADA352EF9A33C00CD65FA /* Sources */,
				EDCADA362EF9A33C00CD65FA /* Frameworks */,
				EDCADA372EF9A33C00CD65FA /* Resources */,
			);
			buildRules = (
			);
			dependencies = (
				EDCADA3B2EF9A33C00CD65FA /* PBXTargetDependency */,
			);
			fileSystemSynchronizedGroups = (
				EDCADA3C2EF9A33C00CD65FA /* MiniReduxDemoTests */,
			);
			name = MiniReduxDemoTests;
			packageProductDependencies = (
			);
			productName = MiniReduxDemoTests;
			productReference = EDCADA392EF9A33C00CD65FA /* MiniReduxDemoTests.xctest */;
			productType = "com.apple.product-type.bundle.unit-test";
		};
		EDCADA422EF9A33C00CD65FA /* MiniReduxDemoUITests */ = {
			isa = PBXNativeTarget;
			buildConfigurationList = EDCADA542EF9A33C00CD65FA /* Build configuration list for PBXNativeTarget "MiniReduxDemoUITests" */;
			buildPhases = (
				EDCADA3F2EF9A33C00CD65FA /* Sources */,
				EDCADA402EF9A33C00CD65FA /* Frameworks */,
				EDCADA412EF9A33C00CD65FA /* Resources */,
			);
			buildRules = (
			);
			dependencies = (
				EDCADA452EF9A33C00CD65FA /* PBXTargetDependency */,
			);
			fileSystemSynchronizedGroups = (
				EDCADA462EF9A33C00CD65FA /* MiniReduxDemoUITests */,
			);
			name = MiniReduxDemoUITests;
			packageProductDependencies = (
			);
			productName = MiniReduxDemoUITests;
			productReference = EDCADA432EF9A33C00CD65FA /* MiniReduxDemoUITests.xctest */;
			productType = "com.apple.product-type.bundle.ui-testing";
		};
/* End PBXNativeTarget section */

/* Begin PBXProject section */
		EDCADA1B2EF9A33A00CD65FA /* Project object */ = {
			isa = PBXProject;
			attributes = {
				BuildIndependentTargetsInParallel = 1;
				LastSwiftUpdateCheck = 2620;
				LastUpgradeCheck = 2620;
				TargetAttributes = {
					EDCADA222EF9A33A00CD65FA = {
						CreatedOnToolsVersion = 26.2;
					};
					EDCADA382EF9A33C00CD65FA = {
						CreatedOnToolsVersion = 26.2;
						TestTargetID = EDCADA222EF9A33A00CD65FA;
					};
					EDCADA422EF9A33C00CD65FA = {
						CreatedOnToolsVersion = 26.2;
						TestTargetID = EDCADA222EF9A33A00CD65FA;
					};
				};
			};
			buildConfigurationList = EDCADA1E2EF9A33A00CD65FA /* Build configuration list for PBXProject "MiniReduxDemo" */;
			developmentRegion = en;
			hasScannedForEncodings = 0;
			knownRegions = (
				en,
				Base,
			);
			mainGroup = EDCADA1A2EF9A33A00CD65FA;
			minimizedProjectReferenceProxies = 1;
			preferredProjectObjectVersion = 77;
			productRefGroup = EDCADA242EF9A33A00CD65FA /* Products */;
			projectDirPath = "";
			projectRoot = "";
			targets = (
				EDCADA222EF9A33A00CD65FA /* MiniReduxDemo */,
				EDCADA382EF9A33C00CD65FA /* MiniReduxDemoTests */,
				EDCADA422EF9A33C00CD65FA /* MiniReduxDemoUITests */,
			);
		};
/* End PBXProject section */

/* Begin PBXResourcesBuildPhase section */
		EDCADA212EF9A33A00CD65FA /* Resources */ = {
			isa = PBXResourcesBuildPhase;
			buildActionMask = 2147483647;
			files = (
			);
			runOnlyForDeploymentPostprocessing = 0;
		};
		EDCADA372EF9A33C00CD65FA /* Resources */ = {
			isa = PBXResourcesBuildPhase;
			buildActionMask = 2147483647;
			files = (
			);
			runOnlyForDeploymentPostprocessing = 0;
		};
		EDCADA412EF9A33C00CD65FA /* Resources */ = {
			isa = PBXResourcesBuildPhase;
			buildActionMask = 2147483647;
			files = (
			);
			runOnlyForDeploymentPostprocessing = 0;
		};
/* End PBXResourcesBuildPhase section */

/* Begin PBXSourcesBuildPhase section */
		EDCADA1F2EF9A33A00CD65FA /* Sources */ = {
			isa = PBXSourcesBuildPhase;
			buildActionMask = 2147483647;
			files = (
			);
			runOnlyForDeploymentPostprocessing = 0;
		};
		EDCADA352EF9A33C00CD65FA /* Sources */ = {
			isa = PBXSourcesBuildPhase;
			buildActionMask = 2147483647;
			files = (
			);
			runOnlyForDeploymentPostprocessing = 0;
		};
		EDCADA3F2EF9A33C00CD65FA /* Sources */ = {
			isa = PBXSourcesBuildPhase;
			buildActionMask = 2147483647;
			files = (
			);
			runOnlyForDeploymentPostprocessing = 0;
		};
/* End PBXSourcesBuildPhase section */

/* Begin PBXTargetDependency section */
		EDCADA3B2EF9A33C00CD65FA /* PBXTargetDependency */ = {
			isa = PBXTargetDependency;
			target = EDCADA222EF9A33A00CD65FA /* MiniReduxDemo */;
			targetProxy = EDCADA3A2EF9A33C00CD65FA /* PBXContainerItemProxy */;
		};
		EDCADA452EF9A33C00CD65FA /* PBXTargetDependency */ = {
			isa = PBXTargetDependency;
			target = EDCADA222EF9A33A00CD65FA /* MiniReduxDemo */;
			targetProxy = EDCADA442EF9A33C00CD65FA /* PBXContainerItemProxy */;
		};
/* End PBXTargetDependency section */

/* Begin XCBuildConfiguration section */
		EDCADA4D2EF9A33C00CD65FA /* Debug */ = {
			isa = XCBuildConfiguration;
			buildSettings = {
				ASSETCATALOG_COMPILER_APPICON_NAME = AppIcon;
				ASSETCATALOG_COMPILER_GLOBAL_ACCENT_COLOR_NAME = AccentColor;
				CODE_SIGN_STYLE = Automatic;
				CURRENT_PROJECT_VERSION = 1;
				DEVELOPMENT_TEAM = J889UH8W4A;
				GENERATE_INFOPLIST_FILE = YES;
				INFOPLIST_FILE = MiniReduxDemo/Info.plist;
				INFOPLIST_KEY_UIApplicationSupportsIndirectInputEvents = YES;
				INFOPLIST_KEY_UILaunchStoryboardName = LaunchScreen;
				INFOPLIST_KEY_UIMainStoryboardFile = Main;
				INFOPLIST_KEY_UISupportedInterfaceOrientations_iPad = "UIInterfaceOrientationPortrait UIInterfaceOrientationPortraitUpsideDown UIInterfaceOrientationLandscapeLeft UIInterfaceOrientationLandscapeRight";
				INFOPLIST_KEY_UISupportedInterfaceOrientations_iPhone = "UIInterfaceOrientationPortrait UIInterfaceOrientationLandscapeLeft UIInterfaceOrientationLandscapeRight";
				LD_RUNPATH_SEARCH_PATHS = (
					"$(inherited)",
					"@executable_path/Frameworks",
				);
				MARKETING_VERSION = 1.0;
				PRODUCT_BUNDLE_IDENTIFIER = com.test.MiniReduxDemo;
				PRODUCT_NAME = "$(TARGET_NAME)";
				STRING_CATALOG_GENERATE_SYMBOLS = YES;
				SWIFT_APPROACHABLE_CONCURRENCY = NO;
				SWIFT_DEFAULT_ACTOR_ISOLATION = nonisolated;
				SWIFT_EMIT_LOC_STRINGS = YES;
				SWIFT_UPCOMING_FEATURE_MEMBER_IMPORT_VISIBILITY = YES;
				SWIFT_UPCOMING_FEATURE_NONISOLATED_NONSENDING_BY_DEFAULT = NO;
				SWIFT_VERSION = 6.0;
				TARGETED_DEVICE_FAMILY = "1,2";
			};
			name = Debug;
		};
		EDCADA4E2EF9A33C00CD65FA /* Release */ = {
			isa = XCBuildConfiguration;
			buildSettings = {
				ASSETCATALOG_COMPILER_APPICON_NAME = AppIcon;
				ASSETCATALOG_COMPILER_GLOBAL_ACCENT_COLOR_NAME = AccentColor;
				CODE_SIGN_STYLE = Automatic;
				CURRENT_PROJECT_VERSION = 1;
				DEVELOPMENT_TEAM = J889UH8W4A;
				GENERATE_INFOPLIST_FILE = YES;
				INFOPLIST_FILE = MiniReduxDemo/Info.plist;
				INFOPLIST_KEY_UIApplicationSupportsIndirectInputEvents = YES;
				INFOPLIST_KEY_UILaunchStoryboardName = LaunchScreen;
				INFOPLIST_KEY_UIMainStoryboardFile = Main;
				INFOPLIST_KEY_UISupportedInterfaceOrientations_iPad = "UIInterfaceOrientationPortrait UIInterfaceOrientationPortraitUpsideDown UIInterfaceOrientationLandscapeLeft UIInterfaceOrientationLandscapeRight";
				INFOPLIST_KEY_UISupportedInterfaceOrientations_iPhone = "UIInterfaceOrientationPortrait UIInterfaceOrientationLandscapeLeft UIInterfaceOrientationLandscapeRight";
				LD_RUNPATH_SEARCH_PATHS = (
					"$(inherited)",
					"@executable_path/Frameworks",
				);
				MARKETING_VERSION = 1.0;
				PRODUCT_BUNDLE_IDENTIFIER = com.test.MiniReduxDemo;
				PRODUCT_NAME = "$(TARGET_NAME)";
				STRING_CATALOG_GENERATE_SYMBOLS = YES;
				SWIFT_APPROACHABLE_CONCURRENCY = NO;
				SWIFT_DEFAULT_ACTOR_ISOLATION = nonisolated;
				SWIFT_EMIT_LOC_STRINGS = YES;
				SWIFT_UPCOMING_FEATURE_MEMBER_IMPORT_VISIBILITY = YES;
				SWIFT_UPCOMING_FEATURE_NONISOLATED_NONSENDING_BY_DEFAULT = NO;
				SWIFT_VERSION = 6.0;
				TARGETED_DEVICE_FAMILY = "1,2";
			};
			name = Release;
		};
		EDCADA4F2EF9A33C00CD65FA /* Debug */ = {
			isa = XCBuildConfiguration;
			buildSettings = {
				ALWAYS_SEARCH_USER_PATHS = NO;
				ASSETCATALOG_COMPILER_GENERATE_SWIFT_ASSET_SYMBOL_EXTENSIONS = YES;
				CLANG_ANALYZER_NONNULL = YES;
				CLANG_ANALYZER_NUMBER_OBJECT_CONVERSION = YES_AGGRESSIVE;
				CLANG_CXX_LANGUAGE_STANDARD = "gnu++20";
				CLANG_ENABLE_MODULES = YES;
				CLANG_ENABLE_OBJC_ARC = YES;
				CLANG_ENABLE_OBJC_WEAK = YES;
				CLANG_WARN_BLOCK_CAPTURE_AUTORELEASING = YES;
				CLANG_WARN_BOOL_CONVERSION = YES;
				CLANG_WARN_COMMA = YES;
				CLANG_WARN_CONSTANT_CONVERSION = YES;
				CLANG_WARN_DEPRECATED_OBJC_IMPLEMENTATIONS = YES;
				CLANG_WARN_DIRECT_OBJC_ISA_USAGE = YES_ERROR;
				CLANG_WARN_DOCUMENTATION_COMMENTS = YES;
				CLANG_WARN_EMPTY_BODY = YES;
				CLANG_WARN_ENUM_CONVERSION = YES;
				CLANG_WARN_INFINITE_RECURSION = YES;
				CLANG_WARN_INT_CONVERSION = YES;
				CLANG_WARN_NON_LITERAL_NULL_CONVERSION = YES;
				CLANG_WARN_OBJC_IMPLICIT_RETAIN_SELF = YES;
				CLANG_WARN_OBJC_LITERAL_CONVERSION = YES;
				CLANG_WARN_OBJC_ROOT_CLASS = YES_ERROR;
				CLANG_WARN_QUOTED_INCLUDE_IN_FRAMEWORK_HEADER = YES;
				CLANG_WARN_RANGE_LOOP_ANALYSIS = YES;
				CLANG_WARN_STRICT_PROTOTYPES = YES;
				CLANG_WARN_SUSPICIOUS_MOVE = YES;
				CLANG_WARN_UNGUARDED_AVAILABILITY = YES_AGGRESSIVE;
				CLANG_WARN_UNREACHABLE_CODE = YES;
				CLANG_WARN__DUPLICATE_METHOD_MATCH = YES;
				COPY_PHASE_STRIP = NO;
				DEBUG_INFORMATION_FORMAT = dwarf;
				DEVELOPMENT_TEAM = J889UH8W4A;
				ENABLE_STRICT_OBJC_MSGSEND = YES;
				ENABLE_TESTABILITY = YES;
				ENABLE_USER_SCRIPT_SANDBOXING = YES;
				GCC_C_LANGUAGE_STANDARD = gnu17;
				GCC_DYNAMIC_NO_PIC = NO;
				GCC_NO_COMMON_BLOCKS = YES;
				GCC_OPTIMIZATION_LEVEL = 0;
				GCC_PREPROCESSOR_DEFINITIONS = (
					"DEBUG=1",
					"$(inherited)",
				);
				GCC_WARN_64_TO_32_BIT_CONVERSION = YES;
				GCC_WARN_ABOUT_RETURN_TYPE = YES_ERROR;
				GCC_WARN_UNDECLARED_SELECTOR = YES;
				GCC_WARN_UNINITIALIZED_AUTOS = YES_AGGRESSIVE;
				GCC_WARN_UNUSED_FUNCTION = YES;
				GCC_WARN_UNUSED_VARIABLE = YES;
				IPHONEOS_DEPLOYMENT_TARGET = 26.2;
				LOCALIZATION_PREFERS_STRING_CATALOGS = YES;
				MTL_ENABLE_DEBUG_INFO = INCLUDE_SOURCE;
				MTL_FAST_MATH = YES;
				ONLY_ACTIVE_ARCH = YES;
				SDKROOT = iphoneos;
				SWIFT_ACTIVE_COMPILATION_CONDITIONS = "DEBUG $(inherited)";
				SWIFT_OPTIMIZATION_LEVEL = "-Onone";
			};
			name = Debug;
		};
		EDCADA502EF9A33C00CD65FA /* Release */ = {
			isa = XCBuildConfiguration;
			buildSettings = {
				ALWAYS_SEARCH_USER_PATHS = NO;
				ASSETCATALOG_COMPILER_GENERATE_SWIFT_ASSET_SYMBOL_EXTENSIONS = YES;
				CLANG_ANALYZER_NONNULL = YES;
				CLANG_ANALYZER_NUMBER_OBJECT_CONVERSION = YES_AGGRESSIVE;
				CLANG_CXX_LANGUAGE_STANDARD = "gnu++20";
				CLANG_ENABLE_MODULES = YES;
				CLANG_ENABLE_OBJC_ARC = YES;
				CLANG_ENABLE_OBJC_WEAK = YES;
				CLANG_WARN_BLOCK_CAPTURE_AUTORELEASING = YES;
				CLANG_WARN_BOOL_CONVERSION = YES;
				CLANG_WARN_COMMA = YES;
				CLANG_WARN_CONSTANT_CONVERSION = YES;
				CLANG_WARN_DEPRECATED_OBJC_IMPLEMENTATIONS = YES;
				CLANG_WARN_DIRECT_OBJC_ISA_USAGE = YES_ERROR;
				CLANG_WARN_DOCUMENTATION_COMMENTS = YES;
				CLANG_WARN_EMPTY_BODY = YES;
				CLANG_WARN_ENUM_CONVERSION = YES;
				CLANG_WARN_INFINITE_RECURSION = YES;
				CLANG_WARN_INT_CONVERSION = YES;
				CLANG_WARN_NON_LITERAL_NULL_CONVERSION = YES;
				CLANG_WARN_OBJC_IMPLICIT_RETAIN_SELF = YES;
				CLANG_WARN_OBJC_LITERAL_CONVERSION = YES;
				CLANG_WARN_OBJC_ROOT_CLASS = YES_ERROR;
				CLANG_WARN_QUOTED_INCLUDE_IN_FRAMEWORK_HEADER = YES;
				CLANG_WARN_RANGE_LOOP_ANALYSIS = YES;
				CLANG_WARN_STRICT_PROTOTYPES = YES;
				CLANG_WARN_SUSPICIOUS_MOVE = YES;
				CLANG_WARN_UNGUARDED_AVAILABILITY = YES_AGGRESSIVE;
				CLANG_WARN_UNREACHABLE_CODE = YES;
				CLANG_WARN__DUPLICATE_METHOD_MATCH = YES;
				COPY_PHASE_STRIP = NO;
				DEBUG_INFORMATION_FORMAT = "dwarf-with-dsym";
				DEVELOPMENT_TEAM = J889UH8W4A;
				ENABLE_NS_ASSERTIONS = NO;
				ENABLE_STRICT_OBJC_MSGSEND = YES;
				ENABLE_USER_SCRIPT_SANDBOXING = YES;
				GCC_C_LANGUAGE_STANDARD = gnu17;
				GCC_NO_COMMON_BLOCKS = YES;
				GCC_WARN_64_TO_32_BIT_CONVERSION = YES;
				GCC_WARN_ABOUT_RETURN_TYPE = YES_ERROR;
				GCC_WARN_UNDECLARED_SELECTOR = YES;
				GCC_WARN_UNINITIALIZED_AUTOS = YES_AGGRESSIVE;
				GCC_WARN_UNUSED_FUNCTION = YES;
				GCC_WARN_UNUSED_VARIABLE = YES;
				IPHONEOS_DEPLOYMENT_TARGET = 26.2;
				LOCALIZATION_PREFERS_STRING_CATALOGS = YES;
				MTL_ENABLE_DEBUG_INFO = NO;
				MTL_FAST_MATH = YES;
				SDKROOT = iphoneos;
				SWIFT_COMPILATION_MODE = wholemodule;
				VALIDATE_PRODUCT = YES;
			};
			name = Release;
		};
		EDCADA522EF9A33C00CD65FA /* Debug */ = {
			isa = XCBuildConfiguration;
			buildSettings = {
				BUNDLE_LOADER = "$(TEST_HOST)";
				CODE_SIGN_STYLE = Automatic;
				CURRENT_PROJECT_VERSION = 1;
				DEVELOPMENT_TEAM = J889UH8W4A;
				GENERATE_INFOPLIST_FILE = YES;
				IPHONEOS_DEPLOYMENT_TARGET = 26.2;
				MARKETING_VERSION = 1.0;
				PRODUCT_BUNDLE_IDENTIFIER = com.test.MiniReduxDemoTests;
				PRODUCT_NAME = "$(TARGET_NAME)";
				STRING_CATALOG_GENERATE_SYMBOLS = NO;
				SWIFT_APPROACHABLE_CONCURRENCY = YES;
				SWIFT_EMIT_LOC_STRINGS = NO;
				SWIFT_UPCOMING_FEATURE_MEMBER_IMPORT_VISIBILITY = YES;
				SWIFT_VERSION = 5.0;
				TARGETED_DEVICE_FAMILY = "1,2";
				TEST_HOST = "$(BUILT_PRODUCTS_DIR)/MiniReduxDemo.app/$(BUNDLE_EXECUTABLE_FOLDER_PATH)/MiniReduxDemo";
			};
			name = Debug;
		};
		EDCADA532EF9A33C00CD65FA /* Release */ = {
			isa = XCBuildConfiguration;
			buildSettings = {
				BUNDLE_LOADER = "$(TEST_HOST)";
				CODE_SIGN_STYLE = Automatic;
				CURRENT_PROJECT_VERSION = 1;
				DEVELOPMENT_TEAM = J889UH8W4A;
				GENERATE_INFOPLIST_FILE = YES;
				IPHONEOS_DEPLOYMENT_TARGET = 26.2;
				MARKETING_VERSION = 1.0;
				PRODUCT_BUNDLE_IDENTIFIER = com.test.MiniReduxDemoTests;
				PRODUCT_NAME = "$(TARGET_NAME)";
				STRING_CATALOG_GENERATE_SYMBOLS = NO;
				SWIFT_APPROACHABLE_CONCURRENCY = YES;
				SWIFT_EMIT_LOC_STRINGS = NO;
				SWIFT_UPCOMING_FEATURE_MEMBER_IMPORT_VISIBILITY = YES;
				SWIFT_VERSION = 5.0;
				TARGETED_DEVICE_FAMILY = "1,2";
				TEST_HOST = "$(BUILT_PRODUCTS_DIR)/MiniReduxDemo.app/$(BUNDLE_EXECUTABLE_FOLDER_PATH)/MiniReduxDemo";
			};
			name = Release;
		};
		EDCADA552EF9A33C00CD65FA /* Debug */ = {
			isa = XCBuildConfiguration;
			buildSettings = {
				CODE_SIGN_STYLE = Automatic;
				CURRENT_PROJECT_VERSION = 1;
				DEVELOPMENT_TEAM = J889UH8W4A;
				GENERATE_INFOPLIST_FILE = YES;
				MARKETING_VERSION = 1.0;
				PRODUCT_BUNDLE_IDENTIFIER = com.test.MiniReduxDemoUITests;
				PRODUCT_NAME = "$(TARGET_NAME)";
				STRING_CATALOG_GENERATE_SYMBOLS = NO;
				SWIFT_APPROACHABLE_CONCURRENCY = YES;
				SWIFT_EMIT_LOC_STRINGS = NO;
				SWIFT_UPCOMING_FEATURE_MEMBER_IMPORT_VISIBILITY = YES;
				SWIFT_VERSION = 5.0;
				TARGETED_DEVICE_FAMILY = "1,2";
				TEST_TARGET_NAME = MiniReduxDemo;
			};
			name = Debug;
		};
		EDCADA562EF9A33C00CD65FA /* Release */ = {
			isa = XCBuildConfiguration;
			buildSettings = {
				CODE_SIGN_STYLE = Automatic;
				CURRENT_PROJECT_VERSION = 1;
				DEVELOPMENT_TEAM = J889UH8W4A;
				GENERATE_INFOPLIST_FILE = YES;
				MARKETING_VERSION = 1.0;
				PRODUCT_BUNDLE_IDENTIFIER = com.test.MiniReduxDemoUITests;
				PRODUCT_NAME = "$(TARGET_NAME)";
				STRING_CATALOG_GENERATE_SYMBOLS = NO;
				SWIFT_APPROACHABLE_CONCURRENCY = YES;
				SWIFT_EMIT_LOC_STRINGS = NO;
				SWIFT_UPCOMING_FEATURE_MEMBER_IMPORT_VISIBILITY = YES;
				SWIFT_VERSION = 5.0;
				TARGETED_DEVICE_FAMILY = "1,2";
				TEST_TARGET_NAME = MiniReduxDemo;
			};
			name = Release;
		};
/* End XCBuildConfiguration section */

/* Begin XCConfigurationList section */
		EDCADA1E2EF9A33A00CD65FA /* Build configuration list for PBXProject "MiniReduxDemo" */ = {
			isa = XCConfigurationList;
			buildConfigurations = (
				EDCADA4F2EF9A33C00CD65FA /* Debug */,
				EDCADA502EF9A33C00CD65FA /* Release */,
			);
			defaultConfigurationIsVisible = 0;
			defaultConfigurationName = Release;
		};
		EDCADA4C2EF9A33C00CD65FA /* Build configuration list for PBXNativeTarget "MiniReduxDemo" */ = {
			isa = XCConfigurationList;
			buildConfigurations = (
				EDCADA4D2EF9A33C00CD65FA /* Debug */,
				EDCADA4E2EF9A33C00CD65FA /* Release */,
			);
			defaultConfigurationIsVisible = 0;
			defaultConfigurationName = Release;
		};
		EDCADA512EF9A33C00CD65FA /* Build configuration list for PBXNativeTarget "MiniReduxDemoTests" */ = {
			isa = XCConfigurationList;
			buildConfigurations = (
				EDCADA522EF9A33C00CD65FA /* Debug */,
				EDCADA532EF9A33C00CD65FA /* Release */,
			);
			defaultConfigurationIsVisible = 0;
			defaultConfigurationName = Release;
		};
		EDCADA542EF9A33C00CD65FA /* Build configuration list for PBXNativeTarget "MiniReduxDemoUITests" */ = {
			isa = XCConfigurationList;
			buildConfigurations = (
				EDCADA552EF9A33C00CD65FA /* Debug */,
				EDCADA562EF9A33C00CD65FA /* Release */,
			);
			defaultConfigurationIsVisible = 0;
			defaultConfigurationName = Release;
		};
/* End XCConfigurationList section */
	};
	rootObject = EDCADA1B2EF9A33A00CD65FA /* Project object */;
}
